
Microsoft Visual Studio Solution File, Format Version 12.00
# Visual Studio Version 16
VisualStudioVersion = 16.0.809.5
MinimumVisualStudioVersion = 10.0.40219.1
Project("{FAE04EC0-301F-11D3-BF4B-00C04F79EFBC}") = "mad-libs-extended-challenge", "mad-libs-extended-challenge\mad-libs-extended-challenge.csproj", "{1A119CA7-71FD-438B-8354-9C415C5BBD82}"
EndProject
Global
	GlobalSection(SolutionConfigurationPlatforms) = preSolution
		Debug|Any CPU = Debug|Any CPU
		Release|Any CPU = Release|Any CPU
	EndGlobalSection
	GlobalSection(ProjectConfigurationPlatforms) = postSolution
		{1A119CA7-71FD-438B-8354-9C415C5BBD82}.Debug|Any CPU.ActiveCfg = Debug|Any CPU
		{1A119CA7-71FD-438B-8354-9C415C5BBD82}.Debug|Any CPU.Build.0 = Debug|Any CPU
		{1A119CA7-71FD-438B-8354-9C415C5BBD82}.Release|Any CPU.ActiveCfg = Release|Any CPU
		{1A119CA7-71FD-438B-8354-9C415C5BBD82}.Release|Any CPU.Build.0 = Release|Any CPU
	EndGlobalSection
	GlobalSection(SolutionProperties) = preSolution
		HideSolutionNode = FALSE
	EndGlobalSection
	GlobalSection(ExtensibilityGlobals) = postSolution
		SolutionGuid = {D0BB4AB3-B146-44E1-8420-DF8929F6DDC8}
	EndGlobalSection
EndGlobal
